
Microsoft Visual Studio Solution File, Format Version 12.00
# Visual Studio 14
VisualStudioVersion = 14.0.25420.1
MinimumVisualStudioVersion = 10.0.40219.1
Project("{FAE04EC0-301F-11D3-BF4B-00C04F79EFBC}") = "BBBHackton", "BBBHackton\BBBHackton.csproj", "{5E985F72-AC5B-4D9A-92CC-6E79CD327BA5}"
EndProject
Project("{FAE04EC0-301F-11D3-BF4B-00C04F79EFBC}") = "BBBHackton.Data", "BBBHackton.Data\BBBHackton.Data.csproj", "{0C57DB5E-EF47-46C8-96A7-CE72293C942B}"
EndProject
Global
	GlobalSection(SolutionConfigurationPlatforms) = preSolution
		Debug|Any CPU = Debug|Any CPU
		Release|Any CPU = Release|Any CPU
	EndGlobalSection
	GlobalSection(ProjectConfigurationPlatforms) = postSolution
		{5E985F72-AC5B-4D9A-92CC-6E79CD327BA5}.Debug|Any CPU.ActiveCfg = Debug|Any CPU
		{5E985F72-AC5B-4D9A-92CC-6E79CD327BA5}.Debug|Any CPU.Build.0 = Debug|Any CPU
		{5E985F72-AC5B-4D9A-92CC-6E79CD327BA5}.Release|Any CPU.ActiveCfg = Release|Any CPU
		{5E985F72-AC5B-4D9A-92CC-6E79CD327BA5}.Release|Any CPU.Build.0 = Release|Any CPU
		{0C57DB5E-EF47-46C8-96A7-CE72293C942B}.Debug|Any CPU.ActiveCfg = Debug|Any CPU
		{0C57DB5E-EF47-46C8-96A7-CE72293C942B}.Debug|Any CPU.Build.0 = Debug|Any CPU
		{0C57DB5E-EF47-46C8-96A7-CE72293C942B}.Release|Any CPU.ActiveCfg = Release|Any CPU
		{0C57DB5E-EF47-46C8-96A7-CE72293C942B}.Release|Any CPU.Build.0 = Release|Any CPU
	EndGlobalSection
	GlobalSection(SolutionProperties) = preSolution
		HideSolutionNode = FALSE
	EndGlobalSection
EndGlobal
